
Microsoft Visual Studio Solution File, Format Version 12.00
# Visual Studio Version 17
VisualStudioVersion = 17.1.32228.430
MinimumVisualStudioVersion = 10.0.40219.1
Project("{FAE04EC0-301F-11D3-BF4B-00C04F79EFBC}") = "YeetQuestApi.Entities", "YeetQuestApi.Entities\YeetQuestApi.Entities.csproj", "{F690D0AD-0821-44FD-92E3-DFD7587C1D82}"
EndProject
Project("{FAE04EC0-301F-11D3-BF4B-00C04F79EFBC}") = "YeetQuestApi.Library", "YeetQuestApi.Library\YeetQuestApi.Library.csproj", "{42D41CD3-2D41-406C-85E8-E7F82A43C723}"
EndProject
Project("{FAE04EC0-301F-11D3-BF4B-00C04F79EFBC}") = "YeetQuestApi", "YeetQuestApi\YeetQuestApi.csproj", "{6242D408-7A0C-428E-8832-D9E5C5F93A07}"
EndProject
Project("{FAE04EC0-301F-11D3-BF4B-00C04F79EFBC}") = "YeetQuestApi.UnitTests", "YeetQuestApi.UnitTests\YeetQuestApi.UnitTests.csproj", "{4BC869A4-0173-4D5D-8A69-E02D2A948D86}"
EndProject
Project("{FAE04EC0-301F-11D3-BF4B-00C04F79EFBC}") = "YeetQuestApi.IntegrationTests", "YeetQuestApi.IntegrationTests\YeetQuestApi.IntegrationTests.csproj", "{9FF1D75D-767C-4EBE-A987-02604700FD99}"
EndProject
Global
	GlobalSection(SolutionConfigurationPlatforms) = preSolution
		Debug|Any CPU = Debug|Any CPU
		Release|Any CPU = Release|Any CPU
	EndGlobalSection
	GlobalSection(ProjectConfigurationPlatforms) = postSolution
		{F690D0AD-0821-44FD-92E3-DFD7587C1D82}.Debug|Any CPU.ActiveCfg = Debug|Any CPU
		{F690D0AD-0821-44FD-92E3-DFD7587C1D82}.Debug|Any CPU.Build.0 = Debug|Any CPU
		{F690D0AD-0821-44FD-92E3-DFD7587C1D82}.Release|Any CPU.ActiveCfg = Release|Any CPU
		{F690D0AD-0821-44FD-92E3-DFD7587C1D82}.Release|Any CPU.Build.0 = Release|Any CPU
		{42D41CD3-2D41-406C-85E8-E7F82A43C723}.Debug|Any CPU.ActiveCfg = Debug|Any CPU
		{42D41CD3-2D41-406C-85E8-E7F82A43C723}.Debug|Any CPU.Build.0 = Debug|Any CPU
		{42D41CD3-2D41-406C-85E8-E7F82A43C723}.Release|Any CPU.ActiveCfg = Release|Any CPU
		{42D41CD3-2D41-406C-85E8-E7F82A43C723}.Release|Any CPU.Build.0 = Release|Any CPU
		{6242D408-7A0C-428E-8832-D9E5C5F93A07}.Debug|Any CPU.ActiveCfg = Debug|Any CPU
		{6242D408-7A0C-428E-8832-D9E5C5F93A07}.Debug|Any CPU.Build.0 = Debug|Any CPU
		{6242D408-7A0C-428E-8832-D9E5C5F93A07}.Release|Any CPU.ActiveCfg = Release|Any CPU
		{6242D408-7A0C-428E-8832-D9E5C5F93A07}.Release|Any CPU.Build.0 = Release|Any CPU
		{4BC869A4-0173-4D5D-8A69-E02D2A948D86}.Debug|Any CPU.ActiveCfg = Debug|Any CPU
		{4BC869A4-0173-4D5D-8A69-E02D2A948D86}.Debug|Any CPU.Build.0 = Debug|Any CPU
		{4BC869A4-0173-4D5D-8A69-E02D2A948D86}.Release|Any CPU.ActiveCfg = Release|Any CPU
		{4BC869A4-0173-4D5D-8A69-E02D2A948D86}.Release|Any CPU.Build.0 = Release|Any CPU
		{9FF1D75D-767C-4EBE-A987-02604700FD99}.Debug|Any CPU.ActiveCfg = Debug|Any CPU
		{9FF1D75D-767C-4EBE-A987-02604700FD99}.Debug|Any CPU.Build.0 = Debug|Any CPU
		{9FF1D75D-767C-4EBE-A987-02604700FD99}.Release|Any CPU.ActiveCfg = Release|Any CPU
		{9FF1D75D-767C-4EBE-A987-02604700FD99}.Release|Any CPU.Build.0 = Release|Any CPU
	EndGlobalSection
	GlobalSection(SolutionProperties) = preSolution
		HideSolutionNode = FALSE
	EndGlobalSection
	GlobalSection(ExtensibilityGlobals) = postSolution
		SolutionGuid = {31F68252-6776-44FC-A5B6-E5E02ED91663}
	EndGlobalSection
EndGlobal
